
Microsoft Visual Studio Solution File, Format Version 12.00
# Visual Studio Version 16
VisualStudioVersion = 16.0.29609.76
MinimumVisualStudioVersion = 10.0.40219.1
Project("{FAE04EC0-301F-11D3-BF4B-00C04F79EFBC}") = "KD7", "KD7\KD7.csproj", "{8D77A179-1C6D-4ECC-A466-AE739688840C}"
EndProject
Global
	GlobalSection(SolutionConfigurationPlatforms) = preSolution
		Debug|Any CPU = Debug|Any CPU
		Release|Any CPU = Release|Any CPU
	EndGlobalSection
	GlobalSection(ProjectConfigurationPlatforms) = postSolution
		{8D77A179-1C6D-4ECC-A466-AE739688840C}.Debug|Any CPU.ActiveCfg = Debug|Any CPU
		{8D77A179-1C6D-4ECC-A466-AE739688840C}.Debug|Any CPU.Build.0 = Debug|Any CPU
		{8D77A179-1C6D-4ECC-A466-AE739688840C}.Release|Any CPU.ActiveCfg = Release|Any CPU
		{8D77A179-1C6D-4ECC-A466-AE739688840C}.Release|Any CPU.Build.0 = Release|Any CPU
	EndGlobalSection
	GlobalSection(SolutionProperties) = preSolution
		HideSolutionNode = FALSE
	EndGlobalSection
	GlobalSection(ExtensibilityGlobals) = postSolution
		SolutionGuid = {89B2647A-8F0E-406F-B8D5-1C64C8B5D70C}
	EndGlobalSection
EndGlobal
