
Microsoft Visual Studio Solution File, Format Version 12.00
# Visual Studio Version 16
VisualStudioVersion = 16.0.29609.76
MinimumVisualStudioVersion = 10.0.40219.1
Project("{FAE04EC0-301F-11D3-BF4B-00C04F79EFBC}") = "KS6", "KS6\KS6.csproj", "{BE661507-4674-4530-9B10-F3AE2FFF6ED5}"
EndProject
Global
	GlobalSection(SolutionConfigurationPlatforms) = preSolution
		Debug|Any CPU = Debug|Any CPU
		Release|Any CPU = Release|Any CPU
	EndGlobalSection
	GlobalSection(ProjectConfigurationPlatforms) = postSolution
		{BE661507-4674-4530-9B10-F3AE2FFF6ED5}.Debug|Any CPU.ActiveCfg = Debug|Any CPU
		{BE661507-4674-4530-9B10-F3AE2FFF6ED5}.Debug|Any CPU.Build.0 = Debug|Any CPU
		{BE661507-4674-4530-9B10-F3AE2FFF6ED5}.Release|Any CPU.ActiveCfg = Release|Any CPU
		{BE661507-4674-4530-9B10-F3AE2FFF6ED5}.Release|Any CPU.Build.0 = Release|Any CPU
	EndGlobalSection
	GlobalSection(SolutionProperties) = preSolution
		HideSolutionNode = FALSE
	EndGlobalSection
	GlobalSection(ExtensibilityGlobals) = postSolution
		SolutionGuid = {5BE7B771-C910-4061-8B45-BF6BEE3C46D7}
	EndGlobalSection
EndGlobal
