
Microsoft Visual Studio Solution File, Format Version 12.00
# Visual Studio Version 16
VisualStudioVersion = 16.0.29609.76
MinimumVisualStudioVersion = 10.0.40219.1
Project("{FAE04EC0-301F-11D3-BF4B-00C04F79EFBC}") = "KDS2", "KDS2\KDS2.csproj", "{02295CDE-4CE3-4DC4-9A78-D1E8D76097AC}"
EndProject
Global
	GlobalSection(SolutionConfigurationPlatforms) = preSolution
		Debug|Any CPU = Debug|Any CPU
		Release|Any CPU = Release|Any CPU
	EndGlobalSection
	GlobalSection(ProjectConfigurationPlatforms) = postSolution
		{02295CDE-4CE3-4DC4-9A78-D1E8D76097AC}.Debug|Any CPU.ActiveCfg = Debug|Any CPU
		{02295CDE-4CE3-4DC4-9A78-D1E8D76097AC}.Debug|Any CPU.Build.0 = Debug|Any CPU
		{02295CDE-4CE3-4DC4-9A78-D1E8D76097AC}.Release|Any CPU.ActiveCfg = Release|Any CPU
		{02295CDE-4CE3-4DC4-9A78-D1E8D76097AC}.Release|Any CPU.Build.0 = Release|Any CPU
	EndGlobalSection
	GlobalSection(SolutionProperties) = preSolution
		HideSolutionNode = FALSE
	EndGlobalSection
	GlobalSection(ExtensibilityGlobals) = postSolution
		SolutionGuid = {F2F6790A-854A-491C-AEF9-B8D4EC46A538}
	EndGlobalSection
EndGlobal
