
Microsoft Visual Studio Solution File, Format Version 12.00
# Visual Studio Version 16
VisualStudioVersion = 16.0.29609.76
MinimumVisualStudioVersion = 10.0.40219.1
Project("{FAE04EC0-301F-11D3-BF4B-00C04F79EFBC}") = "KD1", "KD1\KD1.csproj", "{72869046-5EF2-4E9C-8DFB-8A784C20CCC2}"
EndProject
Global
	GlobalSection(SolutionConfigurationPlatforms) = preSolution
		Debug|Any CPU = Debug|Any CPU
		Release|Any CPU = Release|Any CPU
	EndGlobalSection
	GlobalSection(ProjectConfigurationPlatforms) = postSolution
		{72869046-5EF2-4E9C-8DFB-8A784C20CCC2}.Debug|Any CPU.ActiveCfg = Debug|Any CPU
		{72869046-5EF2-4E9C-8DFB-8A784C20CCC2}.Debug|Any CPU.Build.0 = Debug|Any CPU
		{72869046-5EF2-4E9C-8DFB-8A784C20CCC2}.Release|Any CPU.ActiveCfg = Release|Any CPU
		{72869046-5EF2-4E9C-8DFB-8A784C20CCC2}.Release|Any CPU.Build.0 = Release|Any CPU
	EndGlobalSection
	GlobalSection(SolutionProperties) = preSolution
		HideSolutionNode = FALSE
	EndGlobalSection
	GlobalSection(ExtensibilityGlobals) = postSolution
		SolutionGuid = {E65DD26A-0194-411F-ABC2-95B56F6988B4}
	EndGlobalSection
EndGlobal
